<?xml version="1.0" encoding="utf-8"?>
<Project ToolsVersion="4.0" xmlns="http://schemas.microsoft.com/developer/msbuild/2003">
  <ItemGroup>
    <Filter Include="源文件">
      <UniqueIdentifier>{4FC737F1-C7A5-4376-A066-2A32D752A2FF}</UniqueIdentifier>
      <Extensions>cpp;c;cc;cxx;def;odl;idl;hpj;bat;asm;asmx</Extensions>
    </Filter>
    <Filter Include="头文件">
      <UniqueIdentifier>{93995380-89BD-4b04-88EB-625FBE52EBFB}</UniqueIdentifier>
      <Extensions>h;hh;hpp;hxx;hm;inl;inc;ipp;xsd</Extensions>
    </Filter>
    <Filter Include="Model">
      <UniqueIdentifier>{11111111-1111-1111-1111-111111111111}</UniqueIdentifier>
    </Filter>
    <Filter Include="View">
      <UniqueIdentifier>{22222222-2222-2222-2222-222222222222}</UniqueIdentifier>
    </Filter>
    <Filter Include="Controller">
      <UniqueIdentifier>{33333333-3333-3333-3333-333333333333}</UniqueIdentifier>
    </Filter>
    <Filter Include="Network">
      <UniqueIdentifier>{44444444-4444-4444-4444-444444444444}</UniqueIdentifier>
    </Filter>
    <Filter Include="Common">
      <UniqueIdentifier>{55555555-5555-5555-5555-555555555555}</UniqueIdentifier>
    </Filter>
  </ItemGroup>
  <ItemGroup>
    <ClInclude Include="src\common\Common.h">
      <Filter>Common</Filter>
    </ClInclude>
    <ClInclude Include="src\common\Protocol.h">
      <Filter>Common</Filter>
    </ClInclude>
    <ClInclude Include="src\common\Snapshot.h">
      <Filter>Common</Filter>
    </ClInclude>
    <ClInclude Include="src\model\Consumable.h">
      <Filter>Model</Filter>
    </ClInclude>
    <ClInclude Include="src\model\Equipment.h">
      <Filter>Model</Filter>
    </ClInclude>
    <ClInclude Include="src\model\GameData.h">
      <Filter>Model</Filter>
    </ClInclude>
    <ClInclude Include="src\model\GameState.h">
      <Filter>Model</Filter>
    </ClInclude>
    <ClInclude Include="src\model\Inventory.h">
      <Filter>Model</Filter>
    </ClInclude>
    <ClInclude Include="src\model\Item.h">
      <Filter>Model</Filter>
    </ClInclude>
    <ClInclude Include="src\model\Monster.h">
      <Filter>Model</Filter>
    </ClInclude>
    <ClInclude Include="src\model\Player.h">
      <Filter>Model</Filter>
    </ClInclude>
    <ClInclude Include="src\model\WorldMap.h">
      <Filter>Model</Filter>
    </ClInclude>
    <ClInclude Include="src\view\ConsoleRenderer.h">
      <Filter>View</Filter>
    </ClInclude>
    <ClInclude Include="src\controller\GameController.h">
      <Filter>Controller</Filter>
    </ClInclude>
    <ClInclude Include="src\net\NetClient.h">
      <Filter>Network</Filter>
    </ClInclude>
    <ClInclude Include="src\net\NetServer.h">
      <Filter>Network</Filter>
    </ClInclude>
  </ItemGroup>
  <ItemGroup>
    <ClCompile Include="src\main.cpp">
      <Filter>源文件</Filter>
    </ClCompile>
    <ClCompile Include="src\common\Protocol.cpp">
      <Filter>Common</Filter>
    </ClCompile>
    <ClCompile Include="src\common\Snapshot.cpp">
      <Filter>Common</Filter>
    </ClCompile>
    <ClCompile Include="src\model\Consumable.cpp">
      <Filter>Model</Filter>
    </ClCompile>
    <ClCompile Include="src\model\Equipment.cpp">
      <Filter>Model</Filter>
    </ClCompile>
    <ClCompile Include="src\model\GameData.cpp">
      <Filter>Model</Filter>
    </ClCompile>
    <ClCompile Include="src\model\GameState.cpp">
      <Filter>Model</Filter>
    </ClCompile>
    <ClCompile Include="src\model\Inventory.cpp">
      <Filter>Model</Filter>
    </ClCompile>
    <ClCompile Include="src\model\Item.cpp">
      <Filter>Model</Filter>
    </ClCompile>
    <ClCompile Include="src\model\Monster.cpp">
      <Filter>Model</Filter>
    </ClCompile>
    <ClCompile Include="src\model\Player.cpp">
      <Filter>Model</Filter>
    </ClCompile>
    <ClCompile Include="src\model\WorldMap.cpp">
      <Filter>Model</Filter>
    </ClCompile>
    <ClCompile Include="src\view\ConsoleRenderer.cpp">
      <Filter>View</Filter>
    </ClCompile>
    <ClCompile Include="src\controller\GameController.cpp">
      <Filter>Controller</Filter>
    </ClCompile>
    <ClCompile Include="src\net\NetClient.cpp">
      <Filter>Network</Filter>
    </ClCompile>
    <ClCompile Include="src\net\NetServer.cpp">
      <Filter>Network</Filter>
    </ClCompile>
  </ItemGroup>
</Project>
